// !$*UTF8*$!
{
	archiveVersion = 1;
	classes = {
	};
	objectVersion = 45;
	objects = {

/* Begin PBXAggregateTarget section */
		5CFCAB1E11060985007CE55F /* Everything */ = {
			isa = PBXAggregateTarget;
			buildConfigurationList = 5CFCAB24110609AA007CE55F /* Build configuration list for PBXAggregateTarget "Everything" */;
			buildPhases = (
			);
			dependencies = (
				5CFCAB231106098C007CE55F /* PBXTargetDependency */,
			);
			name = Everything;
			productName = Everything;
		};
/* End PBXAggregateTarget section */

/* Begin PBXBuildFile section */
		5C18636D123B0C3700E95478 /* md5.cc in Sources */ = {isa = PBXBuildFile; fileRef = 5C18636B123B0C3700E95478 /* md5.cc */; };
		5C81976F12537BB800AF660E /* PythonDynamicNoiseStimulus.cpp in Sources */ = {isa = PBXBuildFile; fileRef = 5CE4903F124C5CA900FFDD31 /* PythonDynamicNoiseStimulus.cpp */; };
		5C81977012537BB800AF660E /* PythonDynamicNoiseStimulus.h in Headers */ = {isa = PBXBuildFile; fileRef = 5CE4903E124C5CA900FFDD31 /* PythonDynamicNoiseStimulus.h */; };
		5C8198C812538FF300AF660E /* MWorksCore.framework in Frameworks */ = {isa = PBXBuildFile; fileRef = BFBFB0D510446C180019216B /* MWorksCore.framework */; };
		5C8198D21253907600AF660E /* DynamicNoiseStimulus.cpp in Sources */ = {isa = PBXBuildFile; fileRef = 5CFE59190F571B15000C7F30 /* DynamicNoiseStimulus.cpp */; };
		5C8198D31253907700AF660E /* DynamicNoiseStimulus.h in Headers */ = {isa = PBXBuildFile; fileRef = 5CFE59180F571B15000C7F30 /* DynamicNoiseStimulus.h */; };
		5C8198D8125390AF00AF660E /* OpenGL.framework in Frameworks */ = {isa = PBXBuildFile; fileRef = 5CD61F701173A560007339B7 /* OpenGL.framework */; };
		5C8198DB125390B900AF660E /* md5.cc in Sources */ = {isa = PBXBuildFile; fileRef = 5C18636B123B0C3700E95478 /* md5.cc */; };
		5C8198DC125390B900AF660E /* md5.hh in Headers */ = {isa = PBXBuildFile; fileRef = 5C18636C123B0C3700E95478 /* md5.hh */; };
		5CD61F711173A560007339B7 /* OpenGL.framework in Frameworks */ = {isa = PBXBuildFile; fileRef = 5CD61F701173A560007339B7 /* OpenGL.framework */; };
		5CF9AEBC0FD5795C00F405F6 /* DynamicNoiseStimulusPlugin.cpp in Sources */ = {isa = PBXBuildFile; fileRef = 5CF9AEB90FD5795C00F405F6 /* DynamicNoiseStimulusPlugin.cpp */; };
		5CFCAB0A1105FB4C007CE55F /* MWLibrary.xml in Resources */ = {isa = PBXBuildFile; fileRef = 5CFCAB091105FB4C007CE55F /* MWLibrary.xml */; };
		5CFCAB0D1105FCF2007CE55F /* Development Notes.txt in Resources */ = {isa = PBXBuildFile; fileRef = 5CFCAB0C1105FCF2007CE55F /* Development Notes.txt */; };
		5CFCAB1011060747007CE55F /* INSTRUCTIONS.txt in Resources */ = {isa = PBXBuildFile; fileRef = 5CFCAB0F11060747007CE55F /* INSTRUCTIONS.txt */; };
		5CFCAB26110609D2007CE55F /* UserDocumentation.rst in Resources */ = {isa = PBXBuildFile; fileRef = 5CFCAB25110609D2007CE55F /* UserDocumentation.rst */; };
		5CFE591A0F571B15000C7F30 /* DynamicNoiseStimulus.cpp in Sources */ = {isa = PBXBuildFile; fileRef = 5CFE59190F571B15000C7F30 /* DynamicNoiseStimulus.cpp */; };
		8D5B49B0048680CD000E48DA /* InfoPlist.strings in Resources */ = {isa = PBXBuildFile; fileRef = 089C167DFE841241C02AAC07 /* InfoPlist.strings */; };
		BFBFB0D610446C180019216B /* MWorksCore.framework in Frameworks */ = {isa = PBXBuildFile; fileRef = BFBFB0D510446C180019216B /* MWorksCore.framework */; };
/* End PBXBuildFile section */

/* Begin PBXContainerItemProxy section */
		5CFCAB221106098C007CE55F /* PBXContainerItemProxy */ = {
			isa = PBXContainerItemProxy;
			containerPortal = 089C1669FE841209C02AAC07 /* Project object */;
			proxyType = 1;
			remoteGlobalIDString = 8D5B49AC048680CD000E48DA;
			remoteInfo = DynamicNoiseStimulus;
		};
/* End PBXContainerItemProxy section */

/* Begin PBXFileReference section */
		089C1672FE841209C02AAC07 /* Foundation.framework */ = {isa = PBXFileReference; lastKnownFileType = wrapper.framework; name = Foundation.framework; path = /System/Library/Frameworks/Foundation.framework; sourceTree = "<absolute>"; };
		089C167EFE841241C02AAC07 /* English */ = {isa = PBXFileReference; fileEncoding = 10; lastKnownFileType = text.plist.strings; name = English; path = English.lproj/InfoPlist.strings; sourceTree = "<group>"; };
		089C167FFE841241C02AAC07 /* AppKit.framework */ = {isa = PBXFileReference; lastKnownFileType = wrapper.framework; name = AppKit.framework; path = /System/Library/Frameworks/AppKit.framework; sourceTree = "<absolute>"; };
		32DBCF630370AF2F00C91783 /* DynamicNoiseStimulus_Prefix.pch */ = {isa = PBXFileReference; fileEncoding = 4; lastKnownFileType = sourcecode.c.h; path = DynamicNoiseStimulus_Prefix.pch; sourceTree = "<group>"; };
		5C18636B123B0C3700E95478 /* md5.cc */ = {isa = PBXFileReference; fileEncoding = 4; lastKnownFileType = sourcecode.cpp.cpp; path = md5.cc; sourceTree = "<group>"; };
		5C18636C123B0C3700E95478 /* md5.hh */ = {isa = PBXFileReference; fileEncoding = 4; lastKnownFileType = sourcecode.cpp.h; path = md5.hh; sourceTree = "<group>"; };
		5C78EE6B115D02EE00151A76 /* Development.xcconfig */ = {isa = PBXFileReference; fileEncoding = 4; lastKnownFileType = text.xcconfig; name = Development.xcconfig; path = "/Library/Application Support/MWorks/Developer/Xcode/Development.xcconfig"; sourceTree = "<absolute>"; };
		5C78EE6C115D02EE00151A76 /* WARNING.txt */ = {isa = PBXFileReference; fileEncoding = 4; lastKnownFileType = text; name = WARNING.txt; path = "/Library/Application Support/MWorks/Developer/Xcode/WARNING.txt"; sourceTree = "<absolute>"; };
		5C79964D115E244500504D50 /* fftw3.h */ = {isa = PBXFileReference; fileEncoding = 4; lastKnownFileType = sourcecode.c.h; path = fftw3.h; sourceTree = "<group>"; };
		5C81976912537A9A00AF660E /* DynamicNoiseStimulusPythonBindings.so */ = {isa = PBXFileReference; explicitFileType = "compiled.mach-o.dylib"; includeInIndex = 0; path = DynamicNoiseStimulusPythonBindings.so; sourceTree = BUILT_PRODUCTS_DIR; };
		5CD61F701173A560007339B7 /* OpenGL.framework */ = {isa = PBXFileReference; lastKnownFileType = wrapper.framework; name = OpenGL.framework; path = System/Library/Frameworks/OpenGL.framework; sourceTree = SDKROOT; };
		5CE4903E124C5CA900FFDD31 /* PythonDynamicNoiseStimulus.h */ = {isa = PBXFileReference; fileEncoding = 4; lastKnownFileType = sourcecode.c.h; path = PythonDynamicNoiseStimulus.h; sourceTree = "<group>"; };
		5CE4903F124C5CA900FFDD31 /* PythonDynamicNoiseStimulus.cpp */ = {isa = PBXFileReference; fileEncoding = 4; lastKnownFileType = sourcecode.cpp.cpp; path = PythonDynamicNoiseStimulus.cpp; sourceTree = "<group>"; };
		5CF9AEB90FD5795C00F405F6 /* DynamicNoiseStimulusPlugin.cpp */ = {isa = PBXFileReference; fileEncoding = 4; lastKnownFileType = sourcecode.cpp.cpp; path = DynamicNoiseStimulusPlugin.cpp; sourceTree = SOURCE_ROOT; };
		5CF9AEBA0FD5795C00F405F6 /* DynamicNoiseStimulusPlugin.h */ = {isa = PBXFileReference; fileEncoding = 4; lastKnownFileType = sourcecode.c.h; path = DynamicNoiseStimulusPlugin.h; sourceTree = SOURCE_ROOT; };
		5CFCAB091105FB4C007CE55F /* MWLibrary.xml */ = {isa = PBXFileReference; fileEncoding = 4; lastKnownFileType = text.xml; path = MWLibrary.xml; sourceTree = "<group>"; };
		5CFCAB0C1105FCF2007CE55F /* Development Notes.txt */ = {isa = PBXFileReference; fileEncoding = 4; lastKnownFileType = text; path = "Development Notes.txt"; sourceTree = "<group>"; };
		5CFCAB0F11060747007CE55F /* INSTRUCTIONS.txt */ = {isa = PBXFileReference; fileEncoding = 4; lastKnownFileType = text; path = INSTRUCTIONS.txt; sourceTree = "<group>"; wrapsLines = 1; };
		5CFCAB25110609D2007CE55F /* UserDocumentation.rst */ = {isa = PBXFileReference; fileEncoding = 4; lastKnownFileType = text; path = UserDocumentation.rst; sourceTree = "<group>"; };
		5CFE59180F571B15000C7F30 /* DynamicNoiseStimulus.h */ = {isa = PBXFileReference; fileEncoding = 4; lastKnownFileType = sourcecode.c.h; path = DynamicNoiseStimulus.h; sourceTree = SOURCE_ROOT; };
		5CFE59190F571B15000C7F30 /* DynamicNoiseStimulus.cpp */ = {isa = PBXFileReference; fileEncoding = 4; lastKnownFileType = sourcecode.cpp.cpp; path = DynamicNoiseStimulus.cpp; sourceTree = SOURCE_ROOT; };
		8D5B49B6048680CD000E48DA /* DynamicNoiseStimulus.bundle */ = {isa = PBXFileReference; explicitFileType = wrapper.cfbundle; includeInIndex = 0; path = DynamicNoiseStimulus.bundle; sourceTree = BUILT_PRODUCTS_DIR; };
		8D5B49B7048680CD000E48DA /* Info.plist */ = {isa = PBXFileReference; fileEncoding = 4; lastKnownFileType = text.plist.xml; path = Info.plist; sourceTree = "<group>"; };
		BFBFB0D510446C180019216B /* MWorksCore.framework */ = {isa = PBXFileReference; lastKnownFileType = wrapper.framework; name = MWorksCore.framework; path = /Library/Frameworks/MWorksCore.framework; sourceTree = "<absolute>"; };
		D2F7E65807B2D6F200F64583 /* CoreData.framework */ = {isa = PBXFileReference; lastKnownFileType = wrapper.framework; name = CoreData.framework; path = /System/Library/Frameworks/CoreData.framework; sourceTree = "<absolute>"; };
/* End PBXFileReference section */

/* Begin PBXFrameworksBuildPhase section */
		5C81976712537A9A00AF660E /* Frameworks */ = {
			isa = PBXFrameworksBuildPhase;
			buildActionMask = 2147483647;
			files = (
				5C8198C812538FF300AF660E /* MWorksCore.framework in Frameworks */,
				5C8198D8125390AF00AF660E /* OpenGL.framework in Frameworks */,
			);
			runOnlyForDeploymentPostprocessing = 0;
		};
		8D5B49B3048680CD000E48DA /* Frameworks */ = {
			isa = PBXFrameworksBuildPhase;
			buildActionMask = 2147483647;
			files = (
				BFBFB0D610446C180019216B /* MWorksCore.framework in Frameworks */,
				5CD61F711173A560007339B7 /* OpenGL.framework in Frameworks */,
			);
			runOnlyForDeploymentPostprocessing = 0;
		};
/* End PBXFrameworksBuildPhase section */

/* Begin PBXGroup section */
		089C166AFE841209C02AAC07 /* DynamicNoiseStimulus */ = {
			isa = PBXGroup;
			children = (
				5CE4903D124C5C8F00FFDD31 /* Python Bindings */,
				5CFCAB0F11060747007CE55F /* INSTRUCTIONS.txt */,
				5C78EE69115D02C700151A76 /* External Config */,
				08FB77AFFE84173DC02AAC07 /* Classes */,
				5CFE591D0F571BF6000C7F30 /* Documentation */,
				5CFE591C0F571BEB000C7F30 /* Editor Definitions */,
				32C88E010371C26100C91783 /* Other Sources */,
				089C167CFE841241C02AAC07 /* Resources */,
				089C1671FE841209C02AAC07 /* Frameworks and Libraries */,
				19C28FB8FE9D52D311CA2CBB /* Products */,
			);
			name = DynamicNoiseStimulus;
			sourceTree = "<group>";
		};
		089C1671FE841209C02AAC07 /* Frameworks and Libraries */ = {
			isa = PBXGroup;
			children = (
				5C79964A115E244400504D50 /* fftw */,
				1058C7ACFEA557BF11CA2CBB /* Linked Frameworks */,
				1058C7AEFEA557BF11CA2CBB /* Other Frameworks */,
			);
			name = "Frameworks and Libraries";
			sourceTree = "<group>";
		};
		089C167CFE841241C02AAC07 /* Resources */ = {
			isa = PBXGroup;
			children = (
				8D5B49B7048680CD000E48DA /* Info.plist */,
				089C167DFE841241C02AAC07 /* InfoPlist.strings */,
			);
			name = Resources;
			sourceTree = "<group>";
		};
		08FB77AFFE84173DC02AAC07 /* Classes */ = {
			isa = PBXGroup;
			children = (
				5CF9AEB90FD5795C00F405F6 /* DynamicNoiseStimulusPlugin.cpp */,
				5CF9AEBA0FD5795C00F405F6 /* DynamicNoiseStimulusPlugin.h */,
				5CFE59180F571B15000C7F30 /* DynamicNoiseStimulus.h */,
				5CFE59190F571B15000C7F30 /* DynamicNoiseStimulus.cpp */,
			);
			name = Classes;
			sourceTree = "<group>";
		};
		1058C7ACFEA557BF11CA2CBB /* Linked Frameworks */ = {
			isa = PBXGroup;
			children = (
				5CD61F701173A560007339B7 /* OpenGL.framework */,
			);
			name = "Linked Frameworks";
			sourceTree = "<group>";
		};
		1058C7AEFEA557BF11CA2CBB /* Other Frameworks */ = {
			isa = PBXGroup;
			children = (
				BFBFB0D510446C180019216B /* MWorksCore.framework */,
				089C167FFE841241C02AAC07 /* AppKit.framework */,
				D2F7E65807B2D6F200F64583 /* CoreData.framework */,
				089C1672FE841209C02AAC07 /* Foundation.framework */,
			);
			name = "Other Frameworks";
			sourceTree = "<group>";
		};
		19C28FB8FE9D52D311CA2CBB /* Products */ = {
			isa = PBXGroup;
			children = (
				8D5B49B6048680CD000E48DA /* DynamicNoiseStimulus.bundle */,
				5C81976912537A9A00AF660E /* DynamicNoiseStimulusPythonBindings.so */,
			);
			name = Products;
			sourceTree = "<group>";
		};
		32C88E010371C26100C91783 /* Other Sources */ = {
			isa = PBXGroup;
			children = (
				5C18636A123B0C3700E95478 /* md5 */,
				32DBCF630370AF2F00C91783 /* DynamicNoiseStimulus_Prefix.pch */,
			);
			name = "Other Sources";
			sourceTree = "<group>";
		};
		5C18636A123B0C3700E95478 /* md5 */ = {
			isa = PBXGroup;
			children = (
				5C18636B123B0C3700E95478 /* md5.cc */,
				5C18636C123B0C3700E95478 /* md5.hh */,
			);
			path = md5;
			sourceTree = "<group>";
		};
		5C78EE69115D02C700151A76 /* External Config */ = {
			isa = PBXGroup;
			children = (
				5C78EE6B115D02EE00151A76 /* Development.xcconfig */,
				5C78EE6C115D02EE00151A76 /* WARNING.txt */,
			);
			name = "External Config";
			sourceTree = "<group>";
		};
		5C79964A115E244400504D50 /* fftw */ = {
			isa = PBXGroup;
			children = (
				5C79964B115E244400504D50 /* include */,
				5C79964E115E244500504D50 /* lib */,
			);
			path = fftw;
			sourceTree = "<group>";
		};
		5C79964B115E244400504D50 /* include */ = {
			isa = PBXGroup;
			children = (
				5C79964D115E244500504D50 /* fftw3.h */,
			);
			path = include;
			sourceTree = "<group>";
		};
		5C79964E115E244500504D50 /* lib */ = {
			isa = PBXGroup;
			children = (
			);
			path = lib;
			sourceTree = "<group>";
		};
		5CE4903D124C5C8F00FFDD31 /* Python Bindings */ = {
			isa = PBXGroup;
			children = (
				5CE4903E124C5CA900FFDD31 /* PythonDynamicNoiseStimulus.h */,
				5CE4903F124C5CA900FFDD31 /* PythonDynamicNoiseStimulus.cpp */,
			);
			name = "Python Bindings";
			sourceTree = "<group>";
		};
		5CFE591C0F571BEB000C7F30 /* Editor Definitions */ = {
			isa = PBXGroup;
			children = (
				5CFCAB091105FB4C007CE55F /* MWLibrary.xml */,
			);
			name = "Editor Definitions";
			sourceTree = "<group>";
		};
		5CFE591D0F571BF6000C7F30 /* Documentation */ = {
			isa = PBXGroup;
			children = (
				5CFCAB0C1105FCF2007CE55F /* Development Notes.txt */,
				5CFCAB25110609D2007CE55F /* UserDocumentation.rst */,
			);
			name = Documentation;
			sourceTree = "<group>";
		};
/* End PBXGroup section */

/* Begin PBXHeadersBuildPhase section */
		5C81976512537A9A00AF660E /* Headers */ = {
			isa = PBXHeadersBuildPhase;
			buildActionMask = 2147483647;
			files = (
				5C81977012537BB800AF660E /* PythonDynamicNoiseStimulus.h in Headers */,
				5C8198D31253907700AF660E /* DynamicNoiseStimulus.h in Headers */,
				5C8198DC125390B900AF660E /* md5.hh in Headers */,
			);
			runOnlyForDeploymentPostprocessing = 0;
		};
/* End PBXHeadersBuildPhase section */

/* Begin PBXNativeTarget section */
		5C81976812537A9A00AF660E /* DynamicNoiseStimulusPythonBindings */ = {
			isa = PBXNativeTarget;
			buildConfigurationList = 5C81976E12537A9B00AF660E /* Build configuration list for PBXNativeTarget "DynamicNoiseStimulusPythonBindings" */;
			buildPhases = (
				5C81976512537A9A00AF660E /* Headers */,
				5C81976612537A9A00AF660E /* Sources */,
				5C81976712537A9A00AF660E /* Frameworks */,
			);
			buildRules = (
			);
			dependencies = (
			);
			name = DynamicNoiseStimulusPythonBindings;
			productName = DynamicNoiseStimulusPythonBindings;
			productReference = 5C81976912537A9A00AF660E /* DynamicNoiseStimulusPythonBindings.so */;
			productType = "com.apple.product-type.library.dynamic";
		};
		8D5B49AC048680CD000E48DA /* DynamicNoiseStimulus */ = {
			isa = PBXNativeTarget;
			buildConfigurationList = 1DEB913A08733D840010E9CD /* Build configuration list for PBXNativeTarget "DynamicNoiseStimulus" */;
			buildPhases = (
				8D5B49AF048680CD000E48DA /* Resources */,
				8D5B49B1048680CD000E48DA /* Sources */,
				8D5B49B3048680CD000E48DA /* Frameworks */,
				5CFCAB1D11060975007CE55F /* ShellScript */,
			);
			buildRules = (
			);
			dependencies = (
			);
			name = DynamicNoiseStimulus;
			productInstallPath = "$(HOME)/Library/Bundles";
			productName = DynamicNoiseStimulus;
			productReference = 8D5B49B6048680CD000E48DA /* DynamicNoiseStimulus.bundle */;
			productType = "com.apple.product-type.bundle";
		};
/* End PBXNativeTarget section */

/* Begin PBXProject section */
		089C1669FE841209C02AAC07 /* Project object */ = {
			isa = PBXProject;
			buildConfigurationList = 1DEB913E08733D840010E9CD /* Build configuration list for PBXProject "DynamicNoiseStimulus" */;
			compatibilityVersion = "Xcode 3.1";
			developmentRegion = English;
			hasScannedForEncodings = 1;
			knownRegions = (
				English,
				Japanese,
				French,
				German,
			);
			mainGroup = 089C166AFE841209C02AAC07 /* DynamicNoiseStimulus */;
			projectDirPath = "";
			projectRoot = "";
			targets = (
				8D5B49AC048680CD000E48DA /* DynamicNoiseStimulus */,
				5CFCAB1E11060985007CE55F /* Everything */,
				5C81976812537A9A00AF660E /* DynamicNoiseStimulusPythonBindings */,
			);
		};
/* End PBXProject section */

/* Begin PBXResourcesBuildPhase section */
		8D5B49AF048680CD000E48DA /* Resources */ = {
			isa = PBXResourcesBuildPhase;
			buildActionMask = 2147483647;
			files = (
				8D5B49B0048680CD000E48DA /* InfoPlist.strings in Resources */,
				5CFCAB0A1105FB4C007CE55F /* MWLibrary.xml in Resources */,
				5CFCAB0D1105FCF2007CE55F /* Development Notes.txt in Resources */,
				5CFCAB1011060747007CE55F /* INSTRUCTIONS.txt in Resources */,
				5CFCAB26110609D2007CE55F /* UserDocumentation.rst in Resources */,
			);
			runOnlyForDeploymentPostprocessing = 0;
		};
/* End PBXResourcesBuildPhase section */

/* Begin PBXShellScriptBuildPhase section */
		5CFCAB1D11060975007CE55F /* ShellScript */ = {
			isa = PBXShellScriptBuildPhase;
			buildActionMask = 2147483647;
			files = (
			);
			inputPaths = (
			);
			outputPaths = (
			);
			runOnlyForDeploymentPostprocessing = 0;
			shellPath = /bin/zsh;
			shellScript = "export FULL_NAME=${PRODUCT_NAME}.${WRAPPER_EXTENSION}\nexport FINAL_INSTALL_DIR=${PLUGINS_DIR}\n\nmkdir -p \"${FINAL_INSTALL_DIR}/${FULL_NAME}\"\nrm -R \"${FINAL_INSTALL_DIR}/${FULL_NAME}\"\ncp -R \"${BUILT_PRODUCTS_DIR}/${FULL_NAME}\" ${FINAL_INSTALL_DIR}/\n";
		};
/* End PBXShellScriptBuildPhase section */

/* Begin PBXSourcesBuildPhase section */
		5C81976612537A9A00AF660E /* Sources */ = {
			isa = PBXSourcesBuildPhase;
			buildActionMask = 2147483647;
			files = (
				5C81976F12537BB800AF660E /* PythonDynamicNoiseStimulus.cpp in Sources */,
				5C8198D21253907600AF660E /* DynamicNoiseStimulus.cpp in Sources */,
				5C8198DB125390B900AF660E /* md5.cc in Sources */,
			);
			runOnlyForDeploymentPostprocessing = 0;
		};
		8D5B49B1048680CD000E48DA /* Sources */ = {
			isa = PBXSourcesBuildPhase;
			buildActionMask = 2147483647;
			files = (
				5CFE591A0F571B15000C7F30 /* DynamicNoiseStimulus.cpp in Sources */,
				5CF9AEBC0FD5795C00F405F6 /* DynamicNoiseStimulusPlugin.cpp in Sources */,
				5C18636D123B0C3700E95478 /* md5.cc in Sources */,
			);
			runOnlyForDeploymentPostprocessing = 0;
		};
/* End PBXSourcesBuildPhase section */

/* Begin PBXTargetDependency section */
		5CFCAB231106098C007CE55F /* PBXTargetDependency */ = {
			isa = PBXTargetDependency;
			target = 8D5B49AC048680CD000E48DA /* DynamicNoiseStimulus */;
			targetProxy = 5CFCAB221106098C007CE55F /* PBXContainerItemProxy */;
		};
/* End PBXTargetDependency section */

/* Begin PBXVariantGroup section */
		089C167DFE841241C02AAC07 /* InfoPlist.strings */ = {
			isa = PBXVariantGroup;
			children = (
				089C167EFE841241C02AAC07 /* English */,
			);
			name = InfoPlist.strings;
			sourceTree = "<group>";
		};
/* End PBXVariantGroup section */

/* Begin XCBuildConfiguration section */
		1DEB913B08733D840010E9CD /* Development */ = {
			isa = XCBuildConfiguration;
			buildSettings = {
				ALWAYS_SEARCH_USER_PATHS = YES;
				ARCHS = "$(ARCHS_STANDARD_64_BIT)";
				GCC_PRECOMPILE_PREFIX_HEADER = YES;
				GCC_PREFIX_HEADER = DynamicNoiseStimulus_Prefix.pch;
				HEADER_SEARCH_PATHS = "$(MW_INCLUDE_DIR)";
				INFOPLIST_FILE = Info.plist;
				INSTALL_PATH = "$(PLUGINS_DIR)";
				LIBRARY_SEARCH_PATHS = (
					"$(MW_LIB_DIR)/**",
					"\"$(SRCROOT)/fftw/lib\"",
				);
				OTHER_CFLAGS = "";
				OTHER_LDFLAGS = "$(SRCROOT)/fftw/lib/libfftw3.a";
				PRODUCT_NAME = DynamicNoiseStimulus;
				WRAPPER_EXTENSION = bundle;
			};
			name = Development;
		};
		1DEB913F08733D840010E9CD /* Development */ = {
			isa = XCBuildConfiguration;
			baseConfigurationReference = 5C78EE6B115D02EE00151A76 /* Development.xcconfig */;
			buildSettings = {
				HEADER_SEARCH_PATHS = "$(MW_INCLUDE_DIR)";
				LIBRARY_SEARCH_PATHS = "$(MW_LIB_DIR)/**";
				PREBINDING = NO;
			};
			name = Development;
		};
		5C81976A12537A9A00AF660E /* Development */ = {
			isa = XCBuildConfiguration;
			buildSettings = {
				ALWAYS_SEARCH_USER_PATHS = NO;
				ARCHS = "$(ARCHS_STANDARD_64_BIT)";
				COPY_PHASE_STRIP = NO;
				EXECUTABLE_PREFIX = lib;
				GCC_DYNAMIC_NO_PIC = NO;
				GCC_ENABLE_FIX_AND_CONTINUE = YES;
				GCC_MODEL_TUNING = G5;
				GCC_OPTIMIZATION_LEVEL = 0;
				INSTALL_PATH = /usr/local/lib;
				PREBINDING = NO;
				PRODUCT_NAME = DynamicNoiseStimulusPythonBindings;
			};
			name = Development;
		};
		5C81976B12537A9A00AF660E /* Development (64-bit only) */ = {
			isa = XCBuildConfiguration;
			buildSettings = {
				ALWAYS_SEARCH_USER_PATHS = NO;
				DYLIB_COMPATIBILITY_VERSION = "";
				DYLIB_CURRENT_VERSION = "";
				EXECUTABLE_EXTENSION = so;
				EXECUTABLE_PREFIX = "";
				GCC_ENABLE_FIX_AND_CONTINUE = YES;
				GCC_MODEL_TUNING = G5;
				HEADER_SEARCH_PATHS = (
					/usr/include/python2.6,
					"$(MW_INCLUDE_DIR)",
				);
				INSTALL_PATH = /usr/local/lib;
				LIBRARY_SEARCH_PATHS = (
					/usr/lib,
					"$(MW_LIB_DIR)/**",
				);
				MACH_O_TYPE = mh_bundle;
				OTHER_LDFLAGS = (
					"$(SRCROOT)/fftw/lib/libfftw3.a",
					"-lboost_python-mw",
					"-lpython2.7",
				);
				PREBINDING = NO;
				PRODUCT_NAME = DynamicNoiseStimulusPythonBindings;
			};
			name = "Development (64-bit only)";
		};
		5C81976C12537A9A00AF660E /* Development (10.5 Compatible) */ = {
			isa = XCBuildConfiguration;
			buildSettings = {
				ALWAYS_SEARCH_USER_PATHS = NO;
				EXECUTABLE_PREFIX = lib;
				GCC_ENABLE_FIX_AND_CONTINUE = YES;
				GCC_MODEL_TUNING = G5;
				INSTALL_PATH = /usr/local/lib;
				PREBINDING = NO;
				PRODUCT_NAME = DynamicNoiseStimulusPythonBindings;
			};
			name = "Development (10.5 Compatible)";
		};
		5CD61F7D1173A652007339B7 /* Development (64-bit only) */ = {
			isa = XCBuildConfiguration;
			baseConfigurationReference = 5C78EE6B115D02EE00151A76 /* Development.xcconfig */;
			buildSettings = {
				ARCHS = x86_64;
				HEADER_SEARCH_PATHS = "$(MW_INCLUDE_DIR)";
				LIBRARY_SEARCH_PATHS = "$(MW_LIB_DIR)/**";
				PREBINDING = NO;
			};
			name = "Development (64-bit only)";
		};
		5CD61F7E1173A652007339B7 /* Development (64-bit only) */ = {
			isa = XCBuildConfiguration;
			buildSettings = {
				ALWAYS_SEARCH_USER_PATHS = NO;
				GCC_PRECOMPILE_PREFIX_HEADER = YES;
				GCC_PREFIX_HEADER = DynamicNoiseStimulus_Prefix.pch;
				HEADER_SEARCH_PATHS = "$(MW_INCLUDE_DIR)";
				INFOPLIST_FILE = Info.plist;
				INSTALL_PATH = "$(PLUGINS_DIR)";
				LIBRARY_SEARCH_PATHS = (
					"$(MW_LIB_DIR)/**",
					"\"$(SRCROOT)/fftw/lib\"",
				);
				OTHER_LDFLAGS = "$(SRCROOT)/fftw/lib/libfftw3.a";
				PRODUCT_NAME = DynamicNoiseStimulus;
				WRAPPER_EXTENSION = bundle;
			};
			name = "Development (64-bit only)";
		};
		5CD61F7F1173A652007339B7 /* Development (64-bit only) */ = {
			isa = XCBuildConfiguration;
			buildSettings = {
				COPY_PHASE_STRIP = NO;
				GCC_DYNAMIC_NO_PIC = NO;
				GCC_OPTIMIZATION_LEVEL = 0;
				PRODUCT_NAME = Everything;
			};
			name = "Development (64-bit only)";
		};
		5CFCAB1A11060926007CE55F /* Development (10.5 Compatible) */ = {
			isa = XCBuildConfiguration;
			buildSettings = {
				HEADER_SEARCH_PATHS = "$(MW_INCLUDE_DIR)";
				LIBRARY_SEARCH_PATHS = "$(MW_LIB_DIR)/**";
			};
			name = "Development (10.5 Compatible)";
		};
		5CFCAB1B11060926007CE55F /* Development (10.5 Compatible) */ = {
			isa = XCBuildConfiguration;
			buildSettings = {
				ALWAYS_SEARCH_USER_PATHS = NO;
				GCC_PRECOMPILE_PREFIX_HEADER = YES;
				GCC_PREFIX_HEADER = DynamicNoiseStimulus_Prefix.pch;
				HEADER_SEARCH_PATHS = "$(MW_INCLUDE_DIR)";
				INFOPLIST_FILE = Info.plist;
				INSTALL_PATH = "$(PLUGINS_DIR)";
				LIBRARY_SEARCH_PATHS = (
					"$(MW_LIB_DIR)/**",
					"\"$(SRCROOT)/fftw/lib\"",
				);
				OTHER_LDFLAGS = "-lfftw3f";
				PRODUCT_NAME = DynamicNoiseStimulus;
				WRAPPER_EXTENSION = bundle;
			};
			name = "Development (10.5 Compatible)";
		};
		5CFCAB1F11060986007CE55F /* Development */ = {
			isa = XCBuildConfiguration;
			buildSettings = {
				COPY_PHASE_STRIP = NO;
				GCC_DYNAMIC_NO_PIC = NO;
				GCC_OPTIMIZATION_LEVEL = 0;
				PRODUCT_NAME = Everything;
			};
			name = Development;
		};
		5CFCAB2011060986007CE55F /* Development (10.5 Compatible) */ = {
			isa = XCBuildConfiguration;
			buildSettings = {
				PRODUCT_NAME = Everything;
			};
			name = "Development (10.5 Compatible)";
		};
/* End XCBuildConfiguration section */

/* Begin XCConfigurationList section */
		1DEB913A08733D840010E9CD /* Build configuration list for PBXNativeTarget "DynamicNoiseStimulus" */ = {
			isa = XCConfigurationList;
			buildConfigurations = (
				1DEB913B08733D840010E9CD /* Development */,
				5CD61F7E1173A652007339B7 /* Development (64-bit only) */,
				5CFCAB1B11060926007CE55F /* Development (10.5 Compatible) */,
			);
			defaultConfigurationIsVisible = 0;
			defaultConfigurationName = Development;
		};
		1DEB913E08733D840010E9CD /* Build configuration list for PBXProject "DynamicNoiseStimulus" */ = {
			isa = XCConfigurationList;
			buildConfigurations = (
				1DEB913F08733D840010E9CD /* Development */,
				5CD61F7D1173A652007339B7 /* Development (64-bit only) */,
				5CFCAB1A11060926007CE55F /* Development (10.5 Compatible) */,
			);
			defaultConfigurationIsVisible = 0;
			defaultConfigurationName = Development;
		};
		5C81976E12537A9B00AF660E /* Build configuration list for PBXNativeTarget "DynamicNoiseStimulusPythonBindings" */ = {
			isa = XCConfigurationList;
			buildConfigurations = (
				5C81976A12537A9A00AF660E /* Development */,
				5C81976B12537A9A00AF660E /* Development (64-bit only) */,
				5C81976C12537A9A00AF660E /* Development (10.5 Compatible) */,
			);
			defaultConfigurationIsVisible = 0;
			defaultConfigurationName = Development;
		};
		5CFCAB24110609AA007CE55F /* Build configuration list for PBXAggregateTarget "Everything" */ = {
			isa = XCConfigurationList;
			buildConfigurations = (
				5CFCAB1F11060986007CE55F /* Development */,
				5CD61F7F1173A652007339B7 /* Development (64-bit only) */,
				5CFCAB2011060986007CE55F /* Development (10.5 Compatible) */,
			);
			defaultConfigurationIsVisible = 0;
			defaultConfigurationName = Development;
		};
/* End XCConfigurationList section */
	};
	rootObject = 089C1669FE841209C02AAC07 /* Project object */;
}
